
Microsoft Visual Studio Solution File, Format Version 12.00
# Visual Studio Version 16
VisualStudioVersion = 16.0.29926.136
MinimumVisualStudioVersion = 10.0.40219.1
Project("{FAE04EC0-301F-11D3-BF4B-00C04F79EFBC}") = "Krafvaerk shop", "Krafvaerk shop\Krafvaerk shop.csproj", "{D6F7FABD-C14F-4DAB-833A-D60CF2BA2F07}"
EndProject
Global
	GlobalSection(SolutionConfigurationPlatforms) = preSolution
		Debug|Any CPU = Debug|Any CPU
		Release|Any CPU = Release|Any CPU
	EndGlobalSection
	GlobalSection(ProjectConfigurationPlatforms) = postSolution
		{D6F7FABD-C14F-4DAB-833A-D60CF2BA2F07}.Debug|Any CPU.ActiveCfg = Debug|Any CPU
		{D6F7FABD-C14F-4DAB-833A-D60CF2BA2F07}.Debug|Any CPU.Build.0 = Debug|Any CPU
		{D6F7FABD-C14F-4DAB-833A-D60CF2BA2F07}.Release|Any CPU.ActiveCfg = Release|Any CPU
		{D6F7FABD-C14F-4DAB-833A-D60CF2BA2F07}.Release|Any CPU.Build.0 = Release|Any CPU
	EndGlobalSection
	GlobalSection(SolutionProperties) = preSolution
		HideSolutionNode = FALSE
	EndGlobalSection
	GlobalSection(ExtensibilityGlobals) = postSolution
		SolutionGuid = {781637BF-E3FB-4B70-BC7B-686DEA7D14A2}
	EndGlobalSection
EndGlobal
